
Microsoft Visual Studio Solution File, Format Version 12.00
# Visual Studio Version 16
VisualStudioVersion = 16.0.29920.165
MinimumVisualStudioVersion = 10.0.40219.1
Project("{FAE04EC0-301F-11D3-BF4B-00C04F79EFBC}") = "PKCS7console", "PKCS7console.csproj", "{435AFD7C-7658-44A7-A382-DA85F8588B09}"
EndProject
Global
	GlobalSection(SolutionConfigurationPlatforms) = preSolution
		Debug|Any CPU = Debug|Any CPU
		Release|Any CPU = Release|Any CPU
	EndGlobalSection
	GlobalSection(ProjectConfigurationPlatforms) = postSolution
		{435AFD7C-7658-44A7-A382-DA85F8588B09}.Debug|Any CPU.ActiveCfg = Debug|Any CPU
		{435AFD7C-7658-44A7-A382-DA85F8588B09}.Debug|Any CPU.Build.0 = Debug|Any CPU
		{435AFD7C-7658-44A7-A382-DA85F8588B09}.Release|Any CPU.ActiveCfg = Release|Any CPU
		{435AFD7C-7658-44A7-A382-DA85F8588B09}.Release|Any CPU.Build.0 = Release|Any CPU
	EndGlobalSection
	GlobalSection(SolutionProperties) = preSolution
		HideSolutionNode = FALSE
	EndGlobalSection
	GlobalSection(ExtensibilityGlobals) = postSolution
		SolutionGuid = {CE353328-123B-4E70-B6F5-CBE56A55F118}
	EndGlobalSection
EndGlobal
